{
  "name": "ai-manager",
  "version": "0.0.1",
  "lockfileVersion": 3,
  "requires": true,
  "packages": {
    "": {
      "name": "ai-manager",
      "version": "0.0.1",
      "workspaces": [
        "apps/*",
        "packages/*"
      ],
      "devDependencies": {
        "@types/node": "^20.14.0",
        "typescript": "^5.5.0"
      },
      "engines": {
        "node": ">=20"
      }
    },
    "apps/console": {
      "name": "@ai-manager/console",
      "version": "0.0.1",
      "dependencies": {
        "@ai-manager/core": "*",
        "@clerk/nextjs": "^6.39.5",
        "next": "^15.5.20",
        "react": "^19.2.7",
        "react-dom": "^19.2.7"
      },
      "devDependencies": {
        "@types/react": "^19.2.17",
        "@types/react-dom": "^19.2.3"
      }
    },
    "apps/worker": {
      "name": "@ai-manager/worker",
      "version": "0.0.1",
      "dependencies": {
        "@ai-manager/core": "0.0.1",
        "@bull-board/api": "^8.1.2",
        "@bull-board/express": "^8.1.2",
        "express": "^5.2.1"
      },
      "devDependencies": {
        "@types/express": "^5.0.6"
      }
    },
    "node_modules/@ai-manager/console": {
      "resolved": "apps/console",
      "link": true
    },
    "node_modules/@ai-manager/core": {
      "resolved": "packages/core",
      "link": true
    },
    "node_modules/@ai-manager/features": {
      "resolved": "packages/features",
      "link": true
    },
    "node_modules/@ai-manager/worker": {
      "resolved": "apps/worker",
      "link": true
    },
    "node_modules/@anthropic-ai/sdk": {
      "version": "0.110.0",
      "resolved": "https://registry.npmjs.org/@anthropic-ai/sdk/-/sdk-0.110.0.tgz",
      "integrity": "sha512-hOP4bNYXDFHDxxiEgzlILXrxZIYCDnhe8sry0RDRKD/QnsEpvZcQpablCdm9X/WuD/YgOiSIkkqsL1mLLlTqJw==",
      "license": "MIT",
      "dependencies": {
        "json-schema-to-ts": "^3.1.1",
        "standardwebhooks": "^1.0.0"
      },
      "bin": {
        "anthropic-ai-sdk": "bin/cli"
      },
      "peerDependencies": {
        "zod": "^3.25.0 || ^4.0.0"
      },
      "peerDependenciesMeta": {
        "zod": {
          "optional": true
        }
      }
    },
    "node_modules/@babel/runtime": {
      "version": "7.29.7",
      "resolved": "https://registry.npmjs.org/@babel/runtime/-/runtime-7.29.7.tgz",
      "integrity": "sha512-Nq8OhGWiZIZGV6hLHoyAKLLcJihP/xFeBMGJoUrxTX2psI8dCifzLhZISFb+VWS3wFMRDmCGw5R+dOySCqPLhw==",
      "license": "MIT",
      "engines": {
        "node": ">=6.9.0"
      }
    },
    "node_modules/@bull-board/api": {
      "version": "8.1.2",
      "license": "MIT",
      "dependencies": {
        "redis-info": "^3.1.0"
      },
      "peerDependencies": {
        "@bull-board/ui": "8.1.2"
      }
    },
    "node_modules/@bull-board/express": {
      "version": "8.1.2",
      "license": "MIT",
      "dependencies": {
        "@bull-board/api": "8.1.2",
        "@bull-board/ui": "8.1.2",
        "ejs": "^6.0.1",
        "express": "^5.2.1"
      }
    },
    "node_modules/@bull-board/ui": {
      "version": "8.1.2",
      "license": "MIT",
      "dependencies": {
        "@bull-board/api": "8.1.2"
      }
    },
    "node_modules/@clerk/backend": {
      "version": "2.33.5",
      "license": "MIT",
      "dependencies": {
        "@clerk/shared": "^3.47.7",
        "@clerk/types": "^4.101.25",
        "standardwebhooks": "^1.0.0",
        "tslib": "2.8.1"
      },
      "engines": {
        "node": ">=18.17.0"
      }
    },
    "node_modules/@clerk/clerk-react": {
      "version": "5.61.8",
      "license": "MIT",
      "dependencies": {
        "@clerk/shared": "^3.47.7",
        "tslib": "2.8.1"
      },
      "engines": {
        "node": ">=18.17.0"
      },
      "peerDependencies": {
        "react": "^18.0.0 || ~19.0.3 || ~19.1.4 || ~19.2.3 || ~19.3.0-0",
        "react-dom": "^18.0.0 || ~19.0.3 || ~19.1.4 || ~19.2.3 || ~19.3.0-0"
      }
    },
    "node_modules/@clerk/nextjs": {
      "version": "6.39.5",
      "license": "MIT",
      "dependencies": {
        "@clerk/backend": "^2.33.5",
        "@clerk/clerk-react": "^5.61.8",
        "@clerk/shared": "^3.47.7",
        "@clerk/types": "^4.101.25",
        "server-only": "0.0.1",
        "tslib": "2.8.1"
      },
      "engines": {
        "node": ">=18.17.0"
      },
      "peerDependencies": {
        "next": "^13.5.7 || ^14.2.25 || ^15.2.3 || ^16",
        "react": "^18.0.0 || ~19.0.3 || ~19.1.4 || ~19.2.3 || ~19.3.0-0",
        "react-dom": "^18.0.0 || ~19.0.3 || ~19.1.4 || ~19.2.3 || ~19.3.0-0"
      }
    },
    "node_modules/@clerk/shared": {
      "version": "3.47.7",
      "hasInstallScript": true,
      "license": "MIT",
      "dependencies": {
        "csstype": "3.1.3",
        "dequal": "2.0.3",
        "glob-to-regexp": "0.4.1",
        "js-cookie": "3.0.7",
        "std-env": "^3.9.0",
        "swr": "2.3.4"
      },
      "engines": {
        "node": ">=18.17.0"
      },
      "peerDependencies": {
        "react": "^18.0.0 || ~19.0.3 || ~19.1.4 || ~19.2.3 || ~19.3.0-0",
        "react-dom": "^18.0.0 || ~19.0.3 || ~19.1.4 || ~19.2.3 || ~19.3.0-0"
      },
      "peerDependenciesMeta": {
        "react": {
          "optional": true
        },
        "react-dom": {
          "optional": true
        }
      }
    },
    "node_modules/@clerk/types": {
      "version": "4.101.25",
      "license": "MIT",
      "dependencies": {
        "@clerk/shared": "^3.47.7"
      },
      "engines": {
        "node": ">=18.17.0"
      }
    },
    "node_modules/@img/colour": {
      "version": "1.1.0",
      "license": "MIT",
      "optional": true,
      "engines": {
        "node": ">=18"
      }
    },
    "node_modules/@img/sharp-darwin-arm64": {
      "version": "0.34.5",
      "cpu": [
        "arm64"
      ],
      "license": "Apache-2.0",
      "optional": true,
      "os": [
        "darwin"
      ],
      "engines": {
        "node": "^18.17.0 || ^20.3.0 || >=21.0.0"
      },
      "funding": {
        "url": "https://opencollective.com/libvips"
      },
      "optionalDependencies": {
        "@img/sharp-libvips-darwin-arm64": "1.2.4"
      }
    },
    "node_modules/@img/sharp-libvips-darwin-arm64": {
      "version": "1.2.4",
      "cpu": [
        "arm64"
      ],
      "license": "LGPL-3.0-or-later",
      "optional": true,
      "os": [
        "darwin"
      ],
      "funding": {
        "url": "https://opencollective.com/libvips"
      }
    },
    "node_modules/@msgpackr-extract/msgpackr-extract-darwin-arm64": {
      "version": "3.0.4",
      "cpu": [
        "arm64"
      ],
      "license": "MIT",
      "optional": true,
      "os": [
        "darwin"
      ]
    },
    "node_modules/@next/env": {
      "version": "15.5.20",
      "license": "MIT"
    },
    "node_modules/@next/swc-darwin-arm64": {
      "version": "15.5.20",
      "cpu": [
        "arm64"
      ],
      "license": "MIT",
      "optional": true,
      "os": [
        "darwin"
      ],
      "engines": {
        "node": ">= 10"
      }
    },
    "node_modules/@novu/api": {
      "version": "3.18.0",
      "resolved": "https://registry.npmjs.org/@novu/api/-/api-3.18.0.tgz",
      "integrity": "sha512-aYDnYLb6PIxxdBPE6jUlTVLjmz/fRJRdwybAkA6fQ+953B9OKyeyNM5RrAP5PWN56K3j4inAdRY8WrDq7IV9lA==",
      "dependencies": {
        "zod": "^3.25.0 || ^4.0.0"
      }
    },
    "node_modules/@stablelib/base64": {
      "version": "1.0.1",
      "license": "MIT"
    },
    "node_modules/@swc/helpers": {
      "version": "0.5.15",
      "license": "Apache-2.0",
      "dependencies": {
        "tslib": "^2.8.0"
      }
    },
    "node_modules/@types/body-parser": {
      "version": "1.19.6",
      "dev": true,
      "license": "MIT",
      "dependencies": {
        "@types/connect": "*",
        "@types/node": "*"
      }
    },
    "node_modules/@types/connect": {
      "version": "3.4.38",
      "dev": true,
      "license": "MIT",
      "dependencies": {
        "@types/node": "*"
      }
    },
    "node_modules/@types/express": {
      "version": "5.0.6",
      "dev": true,
      "license": "MIT",
      "dependencies": {
        "@types/body-parser": "*",
        "@types/express-serve-static-core": "^5.0.0",
        "@types/serve-static": "^2"
      }
    },
    "node_modules/@types/express-serve-static-core": {
      "version": "5.1.2",
      "dev": true,
      "license": "MIT",
      "dependencies": {
        "@types/node": "*",
        "@types/qs": "*",
        "@types/range-parser": "*",
        "@types/send": "*"
      }
    },
    "node_modules/@types/http-errors": {
      "version": "2.0.5",
      "dev": true,
      "license": "MIT"
    },
    "node_modules/@types/node": {
      "version": "20.19.43",
      "dev": true,
      "license": "MIT",
      "dependencies": {
        "undici-types": "~6.21.0"
      }
    },
    "node_modules/@types/pg": {
      "version": "8.20.0",
      "dev": true,
      "license": "MIT",
      "dependencies": {
        "@types/node": "*",
        "pg-protocol": "*",
        "pg-types": "^2.2.0"
      }
    },
    "node_modules/@types/qs": {
      "version": "6.15.1",
      "dev": true,
      "license": "MIT"
    },
    "node_modules/@types/range-parser": {
      "version": "1.2.7",
      "dev": true,
      "license": "MIT"
    },
    "node_modules/@types/react": {
      "version": "19.2.17",
      "dev": true,
      "license": "MIT",
      "dependencies": {
        "csstype": "^3.2.2"
      }
    },
    "node_modules/@types/react-dom": {
      "version": "19.2.3",
      "dev": true,
      "license": "MIT",
      "peerDependencies": {
        "@types/react": "^19.2.0"
      }
    },
    "node_modules/@types/react/node_modules/csstype": {
      "version": "3.2.3",
      "dev": true,
      "license": "MIT"
    },
    "node_modules/@types/send": {
      "version": "1.2.1",
      "dev": true,
      "license": "MIT",
      "dependencies": {
        "@types/node": "*"
      }
    },
    "node_modules/@types/serve-static": {
      "version": "2.2.0",
      "dev": true,
      "license": "MIT",
      "dependencies": {
        "@types/http-errors": "*",
        "@types/node": "*"
      }
    },
    "node_modules/accepts": {
      "version": "2.0.0",
      "license": "MIT",
      "dependencies": {
        "mime-types": "^3.0.0",
        "negotiator": "^1.0.0"
      },
      "engines": {
        "node": ">= 0.6"
      }
    },
    "node_modules/body-parser": {
      "version": "2.3.0",
      "license": "MIT",
      "dependencies": {
        "bytes": "^3.1.2",
        "content-type": "^2.0.0",
        "debug": "^4.4.3",
        "http-errors": "^2.0.1",
        "iconv-lite": "^0.7.2",
        "on-finished": "^2.4.1",
        "qs": "^6.15.2",
        "raw-body": "^3.0.2",
        "type-is": "^2.1.0"
      },
      "engines": {
        "node": ">=18"
      },
      "funding": {
        "type": "opencollective",
        "url": "https://opencollective.com/express"
      }
    },
    "node_modules/body-parser/node_modules/content-type": {
      "version": "2.0.0",
      "license": "MIT",
      "engines": {
        "node": ">=18"
      },
      "funding": {
        "type": "opencollective",
        "url": "https://opencollective.com/express"
      }
    },
    "node_modules/bullmq": {
      "version": "5.79.3",
      "license": "MIT",
      "dependencies": {
        "cron-parser": "4.9.0",
        "ioredis": "5.10.1",
        "msgpackr": "2.0.4",
        "node-abort-controller": "3.1.1",
        "semver": "7.8.5",
        "tslib": "2.8.1"
      },
      "engines": {
        "node": ">=12.22.0"
      },
      "peerDependencies": {
        "redis": ">=5.0.0"
      },
      "peerDependenciesMeta": {
        "redis": {
          "optional": true
        }
      }
    },
    "node_modules/bullmq/node_modules/@ioredis/commands": {
      "version": "1.5.1",
      "license": "MIT"
    },
    "node_modules/bullmq/node_modules/ioredis": {
      "version": "5.10.1",
      "license": "MIT",
      "dependencies": {
        "@ioredis/commands": "1.5.1",
        "cluster-key-slot": "^1.1.0",
        "debug": "^4.3.4",
        "denque": "^2.1.0",
        "lodash.defaults": "^4.2.0",
        "lodash.isarguments": "^3.1.0",
        "redis-errors": "^1.2.0",
        "redis-parser": "^3.0.0",
        "standard-as-callback": "^2.1.0"
      },
      "engines": {
        "node": ">=12.22.0"
      },
      "funding": {
        "type": "opencollective",
        "url": "https://opencollective.com/ioredis"
      }
    },
    "node_modules/bytes": {
      "version": "3.1.2",
      "license": "MIT",
      "engines": {
        "node": ">= 0.8"
      }
    },
    "node_modules/call-bind-apply-helpers": {
      "version": "1.0.2",
      "license": "MIT",
      "dependencies": {
        "es-errors": "^1.3.0",
        "function-bind": "^1.1.2"
      },
      "engines": {
        "node": ">= 0.4"
      }
    },
    "node_modules/call-bound": {
      "version": "1.0.4",
      "license": "MIT",
      "dependencies": {
        "call-bind-apply-helpers": "^1.0.2",
        "get-intrinsic": "^1.3.0"
      },
      "engines": {
        "node": ">= 0.4"
      },
      "funding": {
        "url": "https://github.com/sponsors/ljharb"
      }
    },
    "node_modules/caniuse-lite": {
      "version": "1.0.30001803",
      "funding": [
        {
          "type": "opencollective",
          "url": "https://opencollective.com/browserslist"
        },
        {
          "type": "tidelift",
          "url": "https://tidelift.com/funding/github/npm/caniuse-lite"
        },
        {
          "type": "github",
          "url": "https://github.com/sponsors/ai"
        }
      ],
      "license": "CC-BY-4.0"
    },
    "node_modules/client-only": {
      "version": "0.0.1",
      "license": "MIT"
    },
    "node_modules/cluster-key-slot": {
      "version": "1.1.1",
      "license": "Apache-2.0",
      "engines": {
        "node": ">=0.10.0"
      }
    },
    "node_modules/content-disposition": {
      "version": "1.1.0",
      "license": "MIT",
      "engines": {
        "node": ">=18"
      },
      "funding": {
        "type": "opencollective",
        "url": "https://opencollective.com/express"
      }
    },
    "node_modules/content-type": {
      "version": "1.0.5",
      "license": "MIT",
      "engines": {
        "node": ">= 0.6"
      }
    },
    "node_modules/cookie": {
      "version": "0.7.2",
      "license": "MIT",
      "engines": {
        "node": ">= 0.6"
      }
    },
    "node_modules/cookie-signature": {
      "version": "1.2.2",
      "license": "MIT",
      "engines": {
        "node": ">=6.6.0"
      }
    },
    "node_modules/cron-parser": {
      "version": "4.9.0",
      "license": "MIT",
      "dependencies": {
        "luxon": "^3.2.1"
      },
      "engines": {
        "node": ">=12.0.0"
      }
    },
    "node_modules/csstype": {
      "version": "3.1.3",
      "license": "MIT"
    },
    "node_modules/debug": {
      "version": "4.4.3",
      "license": "MIT",
      "dependencies": {
        "ms": "^2.1.3"
      },
      "engines": {
        "node": ">=6.0"
      },
      "peerDependenciesMeta": {
        "supports-color": {
          "optional": true
        }
      }
    },
    "node_modules/denque": {
      "version": "2.1.0",
      "license": "Apache-2.0",
      "engines": {
        "node": ">=0.10"
      }
    },
    "node_modules/depd": {
      "version": "2.0.0",
      "license": "MIT",
      "engines": {
        "node": ">= 0.8"
      }
    },
    "node_modules/dequal": {
      "version": "2.0.3",
      "license": "MIT",
      "engines": {
        "node": ">=6"
      }
    },
    "node_modules/detect-libc": {
      "version": "2.1.2",
      "license": "Apache-2.0",
      "optional": true,
      "engines": {
        "node": ">=8"
      }
    },
    "node_modules/dunder-proto": {
      "version": "1.0.1",
      "license": "MIT",
      "dependencies": {
        "call-bind-apply-helpers": "^1.0.1",
        "es-errors": "^1.3.0",
        "gopd": "^1.2.0"
      },
      "engines": {
        "node": ">= 0.4"
      }
    },
    "node_modules/ee-first": {
      "version": "1.1.1",
      "license": "MIT"
    },
    "node_modules/ejs": {
      "version": "6.0.1",
      "license": "Apache-2.0",
      "bin": {
        "ejs": "bin/cli.js"
      },
      "engines": {
        "node": ">=0.12.18"
      }
    },
    "node_modules/encodeurl": {
      "version": "2.0.0",
      "license": "MIT",
      "engines": {
        "node": ">= 0.8"
      }
    },
    "node_modules/es-define-property": {
      "version": "1.0.1",
      "license": "MIT",
      "engines": {
        "node": ">= 0.4"
      }
    },
    "node_modules/es-errors": {
      "version": "1.3.0",
      "license": "MIT",
      "engines": {
        "node": ">= 0.4"
      }
    },
    "node_modules/es-object-atoms": {
      "version": "1.1.2",
      "license": "MIT",
      "dependencies": {
        "es-errors": "^1.3.0"
      },
      "engines": {
        "node": ">= 0.4"
      }
    },
    "node_modules/escape-html": {
      "version": "1.0.3",
      "license": "MIT"
    },
    "node_modules/etag": {
      "version": "1.8.1",
      "license": "MIT",
      "engines": {
        "node": ">= 0.6"
      }
    },
    "node_modules/express": {
      "version": "5.2.1",
      "license": "MIT",
      "dependencies": {
        "accepts": "^2.0.0",
        "body-parser": "^2.2.1",
        "content-disposition": "^1.0.0",
        "content-type": "^1.0.5",
        "cookie": "^0.7.1",
        "cookie-signature": "^1.2.1",
        "debug": "^4.4.0",
        "depd": "^2.0.0",
        "encodeurl": "^2.0.0",
        "escape-html": "^1.0.3",
        "etag": "^1.8.1",
        "finalhandler": "^2.1.0",
        "fresh": "^2.0.0",
        "http-errors": "^2.0.0",
        "merge-descriptors": "^2.0.0",
        "mime-types": "^3.0.0",
        "on-finished": "^2.4.1",
        "once": "^1.4.0",
        "parseurl": "^1.3.3",
        "proxy-addr": "^2.0.7",
        "qs": "^6.14.0",
        "range-parser": "^1.2.1",
        "router": "^2.2.0",
        "send": "^1.1.0",
        "serve-static": "^2.2.0",
        "statuses": "^2.0.1",
        "type-is": "^2.0.1",
        "vary": "^1.1.2"
      },
      "engines": {
        "node": ">= 18"
      },
      "funding": {
        "type": "opencollective",
        "url": "https://opencollective.com/express"
      }
    },
    "node_modules/fast-sha256": {
      "version": "1.3.0",
      "license": "Unlicense"
    },
    "node_modules/finalhandler": {
      "version": "2.1.1",
      "license": "MIT",
      "dependencies": {
        "debug": "^4.4.0",
        "encodeurl": "^2.0.0",
        "escape-html": "^1.0.3",
        "on-finished": "^2.4.1",
        "parseurl": "^1.3.3",
        "statuses": "^2.0.1"
      },
      "engines": {
        "node": ">= 18.0.0"
      },
      "funding": {
        "type": "opencollective",
        "url": "https://opencollective.com/express"
      }
    },
    "node_modules/forwarded": {
      "version": "0.2.0",
      "license": "MIT",
      "engines": {
        "node": ">= 0.6"
      }
    },
    "node_modules/fresh": {
      "version": "2.0.0",
      "license": "MIT",
      "engines": {
        "node": ">= 0.8"
      }
    },
    "node_modules/function-bind": {
      "version": "1.1.2",
      "license": "MIT",
      "funding": {
        "url": "https://github.com/sponsors/ljharb"
      }
    },
    "node_modules/get-intrinsic": {
      "version": "1.3.0",
      "license": "MIT",
      "dependencies": {
        "call-bind-apply-helpers": "^1.0.2",
        "es-define-property": "^1.0.1",
        "es-errors": "^1.3.0",
        "es-object-atoms": "^1.1.1",
        "function-bind": "^1.1.2",
        "get-proto": "^1.0.1",
        "gopd": "^1.2.0",
        "has-symbols": "^1.1.0",
        "hasown": "^2.0.2",
        "math-intrinsics": "^1.1.0"
      },
      "engines": {
        "node": ">= 0.4"
      },
      "funding": {
        "url": "https://github.com/sponsors/ljharb"
      }
    },
    "node_modules/get-proto": {
      "version": "1.0.1",
      "license": "MIT",
      "dependencies": {
        "dunder-proto": "^1.0.1",
        "es-object-atoms": "^1.0.0"
      },
      "engines": {
        "node": ">= 0.4"
      }
    },
    "node_modules/glob-to-regexp": {
      "version": "0.4.1",
      "license": "BSD-2-Clause"
    },
    "node_modules/gopd": {
      "version": "1.2.0",
      "license": "MIT",
      "engines": {
        "node": ">= 0.4"
      },
      "funding": {
        "url": "https://github.com/sponsors/ljharb"
      }
    },
    "node_modules/has-symbols": {
      "version": "1.1.0",
      "license": "MIT",
      "engines": {
        "node": ">= 0.4"
      },
      "funding": {
        "url": "https://github.com/sponsors/ljharb"
      }
    },
    "node_modules/hasown": {
      "version": "2.0.4",
      "license": "MIT",
      "dependencies": {
        "function-bind": "^1.1.2"
      },
      "engines": {
        "node": ">= 0.4"
      }
    },
    "node_modules/http-errors": {
      "version": "2.0.1",
      "license": "MIT",
      "dependencies": {
        "depd": "~2.0.0",
        "inherits": "~2.0.4",
        "setprototypeof": "~1.2.0",
        "statuses": "~2.0.2",
        "toidentifier": "~1.0.1"
      },
      "engines": {
        "node": ">= 0.8"
      },
      "funding": {
        "type": "opencollective",
        "url": "https://opencollective.com/express"
      }
    },
    "node_modules/iconv-lite": {
      "version": "0.7.3",
      "license": "MIT",
      "dependencies": {
        "safer-buffer": ">= 2.1.2 < 3.0.0"
      },
      "engines": {
        "node": ">=0.10.0"
      },
      "funding": {
        "type": "opencollective",
        "url": "https://opencollective.com/express"
      }
    },
    "node_modules/inherits": {
      "version": "2.0.4",
      "license": "ISC"
    },
    "node_modules/ipaddr.js": {
      "version": "1.9.1",
      "license": "MIT",
      "engines": {
        "node": ">= 0.10"
      }
    },
    "node_modules/is-promise": {
      "version": "4.0.0",
      "license": "MIT"
    },
    "node_modules/js-cookie": {
      "version": "3.0.7",
      "license": "MIT",
      "engines": {
        "node": ">=20"
      }
    },
    "node_modules/json-schema-to-ts": {
      "version": "3.1.1",
      "resolved": "https://registry.npmjs.org/json-schema-to-ts/-/json-schema-to-ts-3.1.1.tgz",
      "integrity": "sha512-+DWg8jCJG2TEnpy7kOm/7/AxaYoaRbjVB4LFZLySZlWn8exGs3A4OLJR966cVvU26N7X9TWxl+Jsw7dzAqKT6g==",
      "license": "MIT",
      "dependencies": {
        "@babel/runtime": "^7.18.3",
        "ts-algebra": "^2.0.0"
      },
      "engines": {
        "node": ">=16"
      }
    },
    "node_modules/lodash": {
      "version": "4.18.1",
      "license": "MIT"
    },
    "node_modules/lodash.defaults": {
      "version": "4.2.0",
      "license": "MIT"
    },
    "node_modules/lodash.isarguments": {
      "version": "3.1.0",
      "license": "MIT"
    },
    "node_modules/luxon": {
      "version": "3.7.2",
      "license": "MIT",
      "engines": {
        "node": ">=12"
      }
    },
    "node_modules/math-intrinsics": {
      "version": "1.1.0",
      "license": "MIT",
      "engines": {
        "node": ">= 0.4"
      }
    },
    "node_modules/media-typer": {
      "version": "1.1.0",
      "license": "MIT",
      "engines": {
        "node": ">= 0.8"
      }
    },
    "node_modules/merge-descriptors": {
      "version": "2.0.0",
      "license": "MIT",
      "engines": {
        "node": ">=18"
      },
      "funding": {
        "url": "https://github.com/sponsors/sindresorhus"
      }
    },
    "node_modules/mime-db": {
      "version": "1.54.0",
      "license": "MIT",
      "engines": {
        "node": ">= 0.6"
      }
    },
    "node_modules/mime-types": {
      "version": "3.0.2",
      "license": "MIT",
      "dependencies": {
        "mime-db": "^1.54.0"
      },
      "engines": {
        "node": ">=18"
      },
      "funding": {
        "type": "opencollective",
        "url": "https://opencollective.com/express"
      }
    },
    "node_modules/ms": {
      "version": "2.1.3",
      "license": "MIT"
    },
    "node_modules/msgpackr": {
      "version": "2.0.4",
      "license": "MIT",
      "optionalDependencies": {
        "msgpackr-extract": "^3.0.4"
      }
    },
    "node_modules/msgpackr-extract": {
      "version": "3.0.4",
      "hasInstallScript": true,
      "license": "MIT",
      "optional": true,
      "dependencies": {
        "node-gyp-build-optional-packages": "5.2.2"
      },
      "bin": {
        "download-msgpackr-prebuilds": "bin/download-prebuilds.js"
      },
      "optionalDependencies": {
        "@msgpackr-extract/msgpackr-extract-darwin-arm64": "3.0.4",
        "@msgpackr-extract/msgpackr-extract-darwin-x64": "3.0.4",
        "@msgpackr-extract/msgpackr-extract-linux-arm": "3.0.4",
        "@msgpackr-extract/msgpackr-extract-linux-arm64": "3.0.4",
        "@msgpackr-extract/msgpackr-extract-linux-x64": "3.0.4",
        "@msgpackr-extract/msgpackr-extract-win32-x64": "3.0.4"
      }
    },
    "node_modules/nanoid": {
      "version": "3.3.15",
      "funding": [
        {
          "type": "github",
          "url": "https://github.com/sponsors/ai"
        }
      ],
      "license": "MIT",
      "bin": {
        "nanoid": "bin/nanoid.cjs"
      },
      "engines": {
        "node": "^10 || ^12 || ^13.7 || ^14 || >=15.0.1"
      }
    },
    "node_modules/negotiator": {
      "version": "1.0.0",
      "license": "MIT",
      "engines": {
        "node": ">= 0.6"
      }
    },
    "node_modules/next": {
      "version": "15.5.20",
      "license": "MIT",
      "dependencies": {
        "@next/env": "15.5.20",
        "@swc/helpers": "0.5.15",
        "caniuse-lite": "^1.0.30001579",
        "postcss": "8.4.31",
        "styled-jsx": "5.1.6"
      },
      "bin": {
        "next": "dist/bin/next"
      },
      "engines": {
        "node": "^18.18.0 || ^19.8.0 || >= 20.0.0"
      },
      "optionalDependencies": {
        "@next/swc-darwin-arm64": "15.5.20",
        "@next/swc-darwin-x64": "15.5.20",
        "@next/swc-linux-arm64-gnu": "15.5.20",
        "@next/swc-linux-arm64-musl": "15.5.20",
        "@next/swc-linux-x64-gnu": "15.5.20",
        "@next/swc-linux-x64-musl": "15.5.20",
        "@next/swc-win32-arm64-msvc": "15.5.20",
        "@next/swc-win32-x64-msvc": "15.5.20",
        "sharp": "^0.34.3"
      },
      "peerDependencies": {
        "@opentelemetry/api": "^1.1.0",
        "@playwright/test": "^1.51.1",
        "babel-plugin-react-compiler": "*",
        "react": "^18.2.0 || 19.0.0-rc-de68d2f4-20241204 || ^19.0.0",
        "react-dom": "^18.2.0 || 19.0.0-rc-de68d2f4-20241204 || ^19.0.0",
        "sass": "^1.3.0"
      },
      "peerDependenciesMeta": {
        "@opentelemetry/api": {
          "optional": true
        },
        "@playwright/test": {
          "optional": true
        },
        "babel-plugin-react-compiler": {
          "optional": true
        },
        "sass": {
          "optional": true
        }
      }
    },
    "node_modules/node-abort-controller": {
      "version": "3.1.1",
      "license": "MIT"
    },
    "node_modules/node-gyp-build-optional-packages": {
      "version": "5.2.2",
      "license": "MIT",
      "optional": true,
      "dependencies": {
        "detect-libc": "^2.0.1"
      },
      "bin": {
        "node-gyp-build-optional-packages": "bin.js",
        "node-gyp-build-optional-packages-optional": "optional.js",
        "node-gyp-build-optional-packages-test": "build-test.js"
      }
    },
    "node_modules/object-inspect": {
      "version": "1.13.4",
      "license": "MIT",
      "engines": {
        "node": ">= 0.4"
      },
      "funding": {
        "url": "https://github.com/sponsors/ljharb"
      }
    },
    "node_modules/on-finished": {
      "version": "2.4.1",
      "license": "MIT",
      "dependencies": {
        "ee-first": "1.1.1"
      },
      "engines": {
        "node": ">= 0.8"
      }
    },
    "node_modules/once": {
      "version": "1.4.0",
      "license": "ISC",
      "dependencies": {
        "wrappy": "1"
      }
    },
    "node_modules/parseurl": {
      "version": "1.3.3",
      "license": "MIT",
      "engines": {
        "node": ">= 0.8"
      }
    },
    "node_modules/path-to-regexp": {
      "version": "8.4.2",
      "license": "MIT",
      "funding": {
        "type": "opencollective",
        "url": "https://opencollective.com/express"
      }
    },
    "node_modules/pg": {
      "version": "8.22.0",
      "license": "MIT",
      "dependencies": {
        "pg-connection-string": "^2.14.0",
        "pg-pool": "^3.14.0",
        "pg-protocol": "^1.15.0",
        "pg-types": "2.2.0",
        "pgpass": "1.0.5"
      },
      "engines": {
        "node": ">= 16.0.0"
      },
      "optionalDependencies": {
        "pg-cloudflare": "^1.4.0"
      },
      "peerDependencies": {
        "pg-native": ">=3.0.1"
      },
      "peerDependenciesMeta": {
        "pg-native": {
          "optional": true
        }
      }
    },
    "node_modules/pg-cloudflare": {
      "version": "1.4.0",
      "license": "MIT",
      "optional": true
    },
    "node_modules/pg-connection-string": {
      "version": "2.14.0",
      "license": "MIT"
    },
    "node_modules/pg-int8": {
      "version": "1.0.1",
      "license": "ISC",
      "engines": {
        "node": ">=4.0.0"
      }
    },
    "node_modules/pg-pool": {
      "version": "3.14.0",
      "license": "MIT",
      "peerDependencies": {
        "pg": ">=8.0"
      }
    },
    "node_modules/pg-protocol": {
      "version": "1.15.0",
      "license": "MIT"
    },
    "node_modules/pg-types": {
      "version": "2.2.0",
      "license": "MIT",
      "dependencies": {
        "pg-int8": "1.0.1",
        "postgres-array": "~2.0.0",
        "postgres-bytea": "~1.0.0",
        "postgres-date": "~1.0.4",
        "postgres-interval": "^1.1.0"
      },
      "engines": {
        "node": ">=4"
      }
    },
    "node_modules/pgpass": {
      "version": "1.0.5",
      "license": "MIT",
      "dependencies": {
        "split2": "^4.1.0"
      }
    },
    "node_modules/picocolors": {
      "version": "1.1.1",
      "license": "ISC"
    },
    "node_modules/postcss": {
      "version": "8.4.31",
      "funding": [
        {
          "type": "opencollective",
          "url": "https://opencollective.com/postcss/"
        },
        {
          "type": "tidelift",
          "url": "https://tidelift.com/funding/github/npm/postcss"
        },
        {
          "type": "github",
          "url": "https://github.com/sponsors/ai"
        }
      ],
      "license": "MIT",
      "dependencies": {
        "nanoid": "^3.3.6",
        "picocolors": "^1.0.0",
        "source-map-js": "^1.0.2"
      },
      "engines": {
        "node": "^10 || ^12 || >=14"
      }
    },
    "node_modules/postgres-array": {
      "version": "2.0.0",
      "license": "MIT",
      "engines": {
        "node": ">=4"
      }
    },
    "node_modules/postgres-bytea": {
      "version": "1.0.1",
      "license": "MIT",
      "engines": {
        "node": ">=0.10.0"
      }
    },
    "node_modules/postgres-date": {
      "version": "1.0.7",
      "license": "MIT",
      "engines": {
        "node": ">=0.10.0"
      }
    },
    "node_modules/postgres-interval": {
      "version": "1.2.0",
      "license": "MIT",
      "dependencies": {
        "xtend": "^4.0.0"
      },
      "engines": {
        "node": ">=0.10.0"
      }
    },
    "node_modules/proxy-addr": {
      "version": "2.0.7",
      "license": "MIT",
      "dependencies": {
        "forwarded": "0.2.0",
        "ipaddr.js": "1.9.1"
      },
      "engines": {
        "node": ">= 0.10"
      }
    },
    "node_modules/qs": {
      "version": "6.15.3",
      "license": "BSD-3-Clause",
      "dependencies": {
        "es-define-property": "^1.0.1",
        "side-channel": "^1.1.1"
      },
      "engines": {
        "node": ">=0.6"
      },
      "funding": {
        "url": "https://github.com/sponsors/ljharb"
      }
    },
    "node_modules/range-parser": {
      "version": "1.3.0",
      "license": "MIT",
      "engines": {
        "node": ">= 0.6"
      },
      "funding": {
        "type": "opencollective",
        "url": "https://opencollective.com/express"
      }
    },
    "node_modules/raw-body": {
      "version": "3.0.2",
      "license": "MIT",
      "dependencies": {
        "bytes": "~3.1.2",
        "http-errors": "~2.0.1",
        "iconv-lite": "~0.7.0",
        "unpipe": "~1.0.0"
      },
      "engines": {
        "node": ">= 0.10"
      }
    },
    "node_modules/react": {
      "version": "19.2.7",
      "license": "MIT",
      "engines": {
        "node": ">=0.10.0"
      }
    },
    "node_modules/react-dom": {
      "version": "19.2.7",
      "license": "MIT",
      "dependencies": {
        "scheduler": "^0.27.0"
      },
      "peerDependencies": {
        "react": "^19.2.7"
      }
    },
    "node_modules/redis-errors": {
      "version": "1.2.0",
      "license": "MIT",
      "engines": {
        "node": ">=4"
      }
    },
    "node_modules/redis-info": {
      "version": "3.1.0",
      "license": "MIT",
      "dependencies": {
        "lodash": "^4.17.11"
      }
    },
    "node_modules/redis-parser": {
      "version": "3.0.0",
      "license": "MIT",
      "dependencies": {
        "redis-errors": "^1.0.0"
      },
      "engines": {
        "node": ">=4"
      }
    },
    "node_modules/router": {
      "version": "2.2.0",
      "license": "MIT",
      "dependencies": {
        "debug": "^4.4.0",
        "depd": "^2.0.0",
        "is-promise": "^4.0.0",
        "parseurl": "^1.3.3",
        "path-to-regexp": "^8.0.0"
      },
      "engines": {
        "node": ">= 18"
      }
    },
    "node_modules/safer-buffer": {
      "version": "2.1.2",
      "license": "MIT"
    },
    "node_modules/scheduler": {
      "version": "0.27.0",
      "license": "MIT"
    },
    "node_modules/semver": {
      "version": "7.8.5",
      "license": "ISC",
      "bin": {
        "semver": "bin/semver.js"
      },
      "engines": {
        "node": ">=10"
      }
    },
    "node_modules/send": {
      "version": "1.2.1",
      "license": "MIT",
      "dependencies": {
        "debug": "^4.4.3",
        "encodeurl": "^2.0.0",
        "escape-html": "^1.0.3",
        "etag": "^1.8.1",
        "fresh": "^2.0.0",
        "http-errors": "^2.0.1",
        "mime-types": "^3.0.2",
        "ms": "^2.1.3",
        "on-finished": "^2.4.1",
        "range-parser": "^1.2.1",
        "statuses": "^2.0.2"
      },
      "engines": {
        "node": ">= 18"
      },
      "funding": {
        "type": "opencollective",
        "url": "https://opencollective.com/express"
      }
    },
    "node_modules/serve-static": {
      "version": "2.2.1",
      "license": "MIT",
      "dependencies": {
        "encodeurl": "^2.0.0",
        "escape-html": "^1.0.3",
        "parseurl": "^1.3.3",
        "send": "^1.2.0"
      },
      "engines": {
        "node": ">= 18"
      },
      "funding": {
        "type": "opencollective",
        "url": "https://opencollective.com/express"
      }
    },
    "node_modules/server-only": {
      "version": "0.0.1",
      "license": "MIT"
    },
    "node_modules/setprototypeof": {
      "version": "1.2.0",
      "license": "ISC"
    },
    "node_modules/sharp": {
      "version": "0.34.5",
      "hasInstallScript": true,
      "license": "Apache-2.0",
      "optional": true,
      "dependencies": {
        "@img/colour": "^1.0.0",
        "detect-libc": "^2.1.2",
        "semver": "^7.7.3"
      },
      "engines": {
        "node": "^18.17.0 || ^20.3.0 || >=21.0.0"
      },
      "funding": {
        "url": "https://opencollective.com/libvips"
      },
      "optionalDependencies": {
        "@img/sharp-darwin-arm64": "0.34.5",
        "@img/sharp-darwin-x64": "0.34.5",
        "@img/sharp-libvips-darwin-arm64": "1.2.4",
        "@img/sharp-libvips-darwin-x64": "1.2.4",
        "@img/sharp-libvips-linux-arm": "1.2.4",
        "@img/sharp-libvips-linux-arm64": "1.2.4",
        "@img/sharp-libvips-linux-ppc64": "1.2.4",
        "@img/sharp-libvips-linux-riscv64": "1.2.4",
        "@img/sharp-libvips-linux-s390x": "1.2.4",
        "@img/sharp-libvips-linux-x64": "1.2.4",
        "@img/sharp-libvips-linuxmusl-arm64": "1.2.4",
        "@img/sharp-libvips-linuxmusl-x64": "1.2.4",
        "@img/sharp-linux-arm": "0.34.5",
        "@img/sharp-linux-arm64": "0.34.5",
        "@img/sharp-linux-ppc64": "0.34.5",
        "@img/sharp-linux-riscv64": "0.34.5",
        "@img/sharp-linux-s390x": "0.34.5",
        "@img/sharp-linux-x64": "0.34.5",
        "@img/sharp-linuxmusl-arm64": "0.34.5",
        "@img/sharp-linuxmusl-x64": "0.34.5",
        "@img/sharp-wasm32": "0.34.5",
        "@img/sharp-win32-arm64": "0.34.5",
        "@img/sharp-win32-ia32": "0.34.5",
        "@img/sharp-win32-x64": "0.34.5"
      }
    },
    "node_modules/side-channel": {
      "version": "1.1.1",
      "license": "MIT",
      "dependencies": {
        "es-errors": "^1.3.0",
        "object-inspect": "^1.13.4",
        "side-channel-list": "^1.0.1",
        "side-channel-map": "^1.0.1",
        "side-channel-weakmap": "^1.0.2"
      },
      "engines": {
        "node": ">= 0.4"
      },
      "funding": {
        "url": "https://github.com/sponsors/ljharb"
      }
    },
    "node_modules/side-channel-list": {
      "version": "1.0.1",
      "license": "MIT",
      "dependencies": {
        "es-errors": "^1.3.0",
        "object-inspect": "^1.13.4"
      },
      "engines": {
        "node": ">= 0.4"
      },
      "funding": {
        "url": "https://github.com/sponsors/ljharb"
      }
    },
    "node_modules/side-channel-map": {
      "version": "1.0.1",
      "license": "MIT",
      "dependencies": {
        "call-bound": "^1.0.2",
        "es-errors": "^1.3.0",
        "get-intrinsic": "^1.2.5",
        "object-inspect": "^1.13.3"
      },
      "engines": {
        "node": ">= 0.4"
      },
      "funding": {
        "url": "https://github.com/sponsors/ljharb"
      }
    },
    "node_modules/side-channel-weakmap": {
      "version": "1.0.2",
      "license": "MIT",
      "dependencies": {
        "call-bound": "^1.0.2",
        "es-errors": "^1.3.0",
        "get-intrinsic": "^1.2.5",
        "object-inspect": "^1.13.3",
        "side-channel-map": "^1.0.1"
      },
      "engines": {
        "node": ">= 0.4"
      },
      "funding": {
        "url": "https://github.com/sponsors/ljharb"
      }
    },
    "node_modules/source-map-js": {
      "version": "1.2.1",
      "license": "BSD-3-Clause",
      "engines": {
        "node": ">=0.10.0"
      }
    },
    "node_modules/split2": {
      "version": "4.2.0",
      "license": "ISC",
      "engines": {
        "node": ">= 10.x"
      }
    },
    "node_modules/standard-as-callback": {
      "version": "2.1.0",
      "license": "MIT"
    },
    "node_modules/standardwebhooks": {
      "version": "1.0.0",
      "license": "MIT",
      "dependencies": {
        "@stablelib/base64": "^1.0.0",
        "fast-sha256": "^1.3.0"
      }
    },
    "node_modules/statuses": {
      "version": "2.0.2",
      "license": "MIT",
      "engines": {
        "node": ">= 0.8"
      }
    },
    "node_modules/std-env": {
      "version": "3.10.0",
      "license": "MIT"
    },
    "node_modules/styled-jsx": {
      "version": "5.1.6",
      "license": "MIT",
      "dependencies": {
        "client-only": "0.0.1"
      },
      "engines": {
        "node": ">= 12.0.0"
      },
      "peerDependencies": {
        "react": ">= 16.8.0 || 17.x.x || ^18.0.0-0 || ^19.0.0-0"
      },
      "peerDependenciesMeta": {
        "@babel/core": {
          "optional": true
        },
        "babel-plugin-macros": {
          "optional": true
        }
      }
    },
    "node_modules/swr": {
      "version": "2.3.4",
      "license": "MIT",
      "dependencies": {
        "dequal": "^2.0.3",
        "use-sync-external-store": "^1.4.0"
      },
      "peerDependencies": {
        "react": "^16.11.0 || ^17.0.0 || ^18.0.0 || ^19.0.0"
      }
    },
    "node_modules/toidentifier": {
      "version": "1.0.1",
      "license": "MIT",
      "engines": {
        "node": ">=0.6"
      }
    },
    "node_modules/ts-algebra": {
      "version": "2.0.0",
      "resolved": "https://registry.npmjs.org/ts-algebra/-/ts-algebra-2.0.0.tgz",
      "integrity": "sha512-FPAhNPFMrkwz76P7cdjdmiShwMynZYN6SgOujD1urY4oNm80Ou9oMdmbR45LotcKOXoy7wSmHkRFE6Mxbrhefw==",
      "license": "MIT"
    },
    "node_modules/tslib": {
      "version": "2.8.1",
      "license": "0BSD"
    },
    "node_modules/type-is": {
      "version": "2.1.0",
      "license": "MIT",
      "dependencies": {
        "content-type": "^2.0.0",
        "media-typer": "^1.1.0",
        "mime-types": "^3.0.0"
      },
      "engines": {
        "node": ">= 18"
      },
      "funding": {
        "type": "opencollective",
        "url": "https://opencollective.com/express"
      }
    },
    "node_modules/type-is/node_modules/content-type": {
      "version": "2.0.0",
      "license": "MIT",
      "engines": {
        "node": ">=18"
      },
      "funding": {
        "type": "opencollective",
        "url": "https://opencollective.com/express"
      }
    },
    "node_modules/typescript": {
      "version": "5.9.3",
      "dev": true,
      "license": "Apache-2.0",
      "bin": {
        "tsc": "bin/tsc",
        "tsserver": "bin/tsserver"
      },
      "engines": {
        "node": ">=14.17"
      }
    },
    "node_modules/undici-types": {
      "version": "6.21.0",
      "dev": true,
      "license": "MIT"
    },
    "node_modules/unpipe": {
      "version": "1.0.0",
      "license": "MIT",
      "engines": {
        "node": ">= 0.8"
      }
    },
    "node_modules/use-sync-external-store": {
      "version": "1.6.0",
      "license": "MIT",
      "peerDependencies": {
        "react": "^16.8.0 || ^17.0.0 || ^18.0.0 || ^19.0.0"
      }
    },
    "node_modules/vary": {
      "version": "1.1.2",
      "license": "MIT",
      "engines": {
        "node": ">= 0.8"
      }
    },
    "node_modules/wrappy": {
      "version": "1.0.2",
      "license": "ISC"
    },
    "node_modules/xtend": {
      "version": "4.0.2",
      "license": "MIT",
      "engines": {
        "node": ">=0.4"
      }
    },
    "node_modules/zod": {
      "version": "4.4.3",
      "resolved": "https://registry.npmjs.org/zod/-/zod-4.4.3.tgz",
      "integrity": "sha512-ytENFjIJFl2UwYglde2jchW2Hwm4GJFLDiSXWdTrJQBIN9Fcyp7n4DhxJEiWNAJMV1/BqWfW/kkg71UDcHJyTQ==",
      "license": "MIT",
      "funding": {
        "url": "https://github.com/sponsors/colinhacks"
      }
    },
    "packages/core": {
      "name": "@ai-manager/core",
      "version": "0.0.1",
      "dependencies": {
        "@anthropic-ai/sdk": "^0.110.0",
        "@novu/api": "^3.18.0",
        "bullmq": "^5.79.3",
        "ioredis": "^5.10.1",
        "pg": "^8.12.0",
        "zod": "^4.4.3"
      },
      "devDependencies": {
        "@types/pg": "^8.11.6"
      }
    },
    "packages/core/node_modules/@ioredis/commands": {
      "version": "1.5.1",
      "license": "MIT"
    },
    "packages/core/node_modules/ioredis": {
      "version": "5.10.1",
      "license": "MIT",
      "dependencies": {
        "@ioredis/commands": "1.5.1",
        "cluster-key-slot": "^1.1.0",
        "debug": "^4.3.4",
        "denque": "^2.1.0",
        "lodash.defaults": "^4.2.0",
        "lodash.isarguments": "^3.1.0",
        "redis-errors": "^1.2.0",
        "redis-parser": "^3.0.0",
        "standard-as-callback": "^2.1.0"
      },
      "engines": {
        "node": ">=12.22.0"
      },
      "funding": {
        "type": "opencollective",
        "url": "https://opencollective.com/ioredis"
      }
    },
    "packages/features": {
      "name": "@ai-manager/features",
      "version": "0.0.1"
    }
  }
}
